
Microsoft Visual Studio Solution File, Format Version 12.00
# Visual Studio Version 17
VisualStudioVersion = 17.13.35828.75 d17.13
MinimumVisualStudioVersion = 10.0.40219.1
Project("{FAE04EC0-301F-11D3-BF4B-00C04F79EFBC}") = "ForLoopArray", "ForLoopArray\ForLoopArray.csproj", "{7A34CFE7-E87F-4C9B-954B-729D365B195B}"
EndProject
Global
	GlobalSection(SolutionConfigurationPlatforms) = preSolution
		Debug|Any CPU = Debug|Any CPU
		Release|Any CPU = Release|Any CPU
	EndGlobalSection
	GlobalSection(ProjectConfigurationPlatforms) = postSolution
		{7A34CFE7-E87F-4C9B-954B-729D365B195B}.Debug|Any CPU.ActiveCfg = Debug|Any CPU
		{7A34CFE7-E87F-4C9B-954B-729D365B195B}.Debug|Any CPU.Build.0 = Debug|Any CPU
		{7A34CFE7-E87F-4C9B-954B-729D365B195B}.Release|Any CPU.ActiveCfg = Release|Any CPU
		{7A34CFE7-E87F-4C9B-954B-729D365B195B}.Release|Any CPU.Build.0 = Release|Any CPU
	EndGlobalSection
	GlobalSection(SolutionProperties) = preSolution
		HideSolutionNode = FALSE
	EndGlobalSection
	GlobalSection(ExtensibilityGlobals) = postSolution
		SolutionGuid = {36559943-2D4A-4BF3-BCE3-8113C19BB244}
	EndGlobalSection
EndGlobal
