
Microsoft Visual Studio Solution File, Format Version 12.00
# Visual Studio Version 17
VisualStudioVersion = 17.13.35828.75 d17.13
MinimumVisualStudioVersion = 10.0.40219.1
Project("{FAE04EC0-301F-11D3-BF4B-00C04F79EFBC}") = "Blackjack", "Blackjack\Blackjack.csproj", "{05A58DFF-6822-4EDD-A6D9-5ECE3E5EA406}"
EndProject
Global
	GlobalSection(SolutionConfigurationPlatforms) = preSolution
		Debug|Any CPU = Debug|Any CPU
		Release|Any CPU = Release|Any CPU
	EndGlobalSection
	GlobalSection(ProjectConfigurationPlatforms) = postSolution
		{05A58DFF-6822-4EDD-A6D9-5ECE3E5EA406}.Debug|Any CPU.ActiveCfg = Debug|Any CPU
		{05A58DFF-6822-4EDD-A6D9-5ECE3E5EA406}.Debug|Any CPU.Build.0 = Debug|Any CPU
		{05A58DFF-6822-4EDD-A6D9-5ECE3E5EA406}.Release|Any CPU.ActiveCfg = Release|Any CPU
		{05A58DFF-6822-4EDD-A6D9-5ECE3E5EA406}.Release|Any CPU.Build.0 = Release|Any CPU
	EndGlobalSection
	GlobalSection(SolutionProperties) = preSolution
		HideSolutionNode = FALSE
	EndGlobalSection
	GlobalSection(ExtensibilityGlobals) = postSolution
		SolutionGuid = {33D4DF89-0F70-4187-A418-E773B2E6CEDB}
	EndGlobalSection
EndGlobal
