
Microsoft Visual Studio Solution File, Format Version 12.00
# Visual Studio Version 17
VisualStudioVersion = 17.13.35828.75 d17.13
MinimumVisualStudioVersion = 10.0.40219.1
Project("{FAE04EC0-301F-11D3-BF4B-00C04F79EFBC}") = "SwitchNumbers", "SwitchNumbers\SwitchNumbers.csproj", "{9B1D3DE2-D6EA-4C2C-9953-8BBECAAAC3DA}"
EndProject
Global
	GlobalSection(SolutionConfigurationPlatforms) = preSolution
		Debug|Any CPU = Debug|Any CPU
		Release|Any CPU = Release|Any CPU
	EndGlobalSection
	GlobalSection(ProjectConfigurationPlatforms) = postSolution
		{9B1D3DE2-D6EA-4C2C-9953-8BBECAAAC3DA}.Debug|Any CPU.ActiveCfg = Debug|Any CPU
		{9B1D3DE2-D6EA-4C2C-9953-8BBECAAAC3DA}.Debug|Any CPU.Build.0 = Debug|Any CPU
		{9B1D3DE2-D6EA-4C2C-9953-8BBECAAAC3DA}.Release|Any CPU.ActiveCfg = Release|Any CPU
		{9B1D3DE2-D6EA-4C2C-9953-8BBECAAAC3DA}.Release|Any CPU.Build.0 = Release|Any CPU
	EndGlobalSection
	GlobalSection(SolutionProperties) = preSolution
		HideSolutionNode = FALSE
	EndGlobalSection
	GlobalSection(ExtensibilityGlobals) = postSolution
		SolutionGuid = {8A588D2F-F532-4303-8433-C6BD6502FF1C}
	EndGlobalSection
EndGlobal
