
Microsoft Visual Studio Solution File, Format Version 12.00
# Visual Studio Version 17
VisualStudioVersion = 17.13.35828.75 d17.13
MinimumVisualStudioVersion = 10.0.40219.1
Project("{FAE04EC0-301F-11D3-BF4B-00C04F79EFBC}") = "ForLoop", "ForLoop\ForLoop.csproj", "{69CDA576-5F2A-47C9-A5C5-FFD212F1E475}"
EndProject
Global
	GlobalSection(SolutionConfigurationPlatforms) = preSolution
		Debug|Any CPU = Debug|Any CPU
		Release|Any CPU = Release|Any CPU
	EndGlobalSection
	GlobalSection(ProjectConfigurationPlatforms) = postSolution
		{69CDA576-5F2A-47C9-A5C5-FFD212F1E475}.Debug|Any CPU.ActiveCfg = Debug|Any CPU
		{69CDA576-5F2A-47C9-A5C5-FFD212F1E475}.Debug|Any CPU.Build.0 = Debug|Any CPU
		{69CDA576-5F2A-47C9-A5C5-FFD212F1E475}.Release|Any CPU.ActiveCfg = Release|Any CPU
		{69CDA576-5F2A-47C9-A5C5-FFD212F1E475}.Release|Any CPU.Build.0 = Release|Any CPU
	EndGlobalSection
	GlobalSection(SolutionProperties) = preSolution
		HideSolutionNode = FALSE
	EndGlobalSection
	GlobalSection(ExtensibilityGlobals) = postSolution
		SolutionGuid = {B3E286D2-C3BA-41F4-90AB-0BF2422536AB}
	EndGlobalSection
EndGlobal
