
Microsoft Visual Studio Solution File, Format Version 12.00
# Visual Studio Version 17
VisualStudioVersion = 17.13.35828.75 d17.13
MinimumVisualStudioVersion = 10.0.40219.1
Project("{FAE04EC0-301F-11D3-BF4B-00C04F79EFBC}") = "SwitchBetweenNumbers", "SwitchBetweenNumbers\SwitchBetweenNumbers.csproj", "{533BDB03-1AF1-4913-9EF3-B0183AA54D09}"
EndProject
Global
	GlobalSection(SolutionConfigurationPlatforms) = preSolution
		Debug|Any CPU = Debug|Any CPU
		Release|Any CPU = Release|Any CPU
	EndGlobalSection
	GlobalSection(ProjectConfigurationPlatforms) = postSolution
		{533BDB03-1AF1-4913-9EF3-B0183AA54D09}.Debug|Any CPU.ActiveCfg = Debug|Any CPU
		{533BDB03-1AF1-4913-9EF3-B0183AA54D09}.Debug|Any CPU.Build.0 = Debug|Any CPU
		{533BDB03-1AF1-4913-9EF3-B0183AA54D09}.Release|Any CPU.ActiveCfg = Release|Any CPU
		{533BDB03-1AF1-4913-9EF3-B0183AA54D09}.Release|Any CPU.Build.0 = Release|Any CPU
	EndGlobalSection
	GlobalSection(SolutionProperties) = preSolution
		HideSolutionNode = FALSE
	EndGlobalSection
	GlobalSection(ExtensibilityGlobals) = postSolution
		SolutionGuid = {B7ADDE0F-8377-40A6-9C6E-B430C6FAEE12}
	EndGlobalSection
EndGlobal
